
Microsoft Visual Studio Solution File, Format Version 12.00
# Visual Studio Version 17
VisualStudioVersion = 17.13.35818.85 d17.13
MinimumVisualStudioVersion = 10.0.40219.1
Project("{FAE04EC0-301F-11D3-BF4B-00C04F79EFBC}") = "WPFlearn", "WPFlearn\WPFlearn.csproj", "{028B8F54-D1C9-471E-B641-6B81515CB8DF}"
EndProject
Global
	GlobalSection(SolutionConfigurationPlatforms) = preSolution
		Debug|Any CPU = Debug|Any CPU
		Release|Any CPU = Release|Any CPU
	EndGlobalSection
	GlobalSection(ProjectConfigurationPlatforms) = postSolution
		{028B8F54-D1C9-471E-B641-6B81515CB8DF}.Debug|Any CPU.ActiveCfg = Debug|Any CPU
		{028B8F54-D1C9-471E-B641-6B81515CB8DF}.Debug|Any CPU.Build.0 = Debug|Any CPU
		{028B8F54-D1C9-471E-B641-6B81515CB8DF}.Release|Any CPU.ActiveCfg = Release|Any CPU
		{028B8F54-D1C9-471E-B641-6B81515CB8DF}.Release|Any CPU.Build.0 = Release|Any CPU
	EndGlobalSection
	GlobalSection(SolutionProperties) = preSolution
		HideSolutionNode = FALSE
	EndGlobalSection
	GlobalSection(ExtensibilityGlobals) = postSolution
		SolutionGuid = {56CA6BC2-F2A8-418B-9BC4-9EB314154D36}
	EndGlobalSection
EndGlobal
